
Microsoft Visual Studio Solution File, Format Version 12.00
# Visual Studio Version 16
VisualStudioVersion = 25.0.1704.2
MinimumVisualStudioVersion = 10.0.40219.1
Project("{FAE04EC0-301F-11D3-BF4B-00C04F79EFBC}") = "ISM 4300 - Deliverable 3", "ISM 4300 - Deliverable 3\ISM 4300 - Deliverable 3.csproj", "{C1A955FC-E0B2-4CF8-AABF-607A156C8E2B}"
EndProject
Global
	GlobalSection(SolutionConfigurationPlatforms) = preSolution
		Debug|Any CPU = Debug|Any CPU
		Release|Any CPU = Release|Any CPU
	EndGlobalSection
	GlobalSection(ProjectConfigurationPlatforms) = postSolution
		{C1A955FC-E0B2-4CF8-AABF-607A156C8E2B}.Debug|Any CPU.ActiveCfg = Debug|Any CPU
		{C1A955FC-E0B2-4CF8-AABF-607A156C8E2B}.Debug|Any CPU.Build.0 = Debug|Any CPU
		{C1A955FC-E0B2-4CF8-AABF-607A156C8E2B}.Release|Any CPU.ActiveCfg = Release|Any CPU
		{C1A955FC-E0B2-4CF8-AABF-607A156C8E2B}.Release|Any CPU.Build.0 = Release|Any CPU
	EndGlobalSection
	GlobalSection(SolutionProperties) = preSolution
		HideSolutionNode = FALSE
	EndGlobalSection
	GlobalSection(ExtensibilityGlobals) = postSolution
		SolutionGuid = {59A6B025-3CE6-47ED-9730-BD8563823904}
	EndGlobalSection
EndGlobal
